
Microsoft Visual Studio Solution File, Format Version 12.00
# Visual Studio Version 17
VisualStudioVersion = 17.0.31903.59
MinimumVisualStudioVersion = 10.0.40219.1
Project("{FAE04EC0-301F-11D3-BF4B-00C04F79EFBC}") = "Violet.Cheetah.Domain", "Violet.Cheetah.Domain\Violet.Cheetah.Domain.csproj", "{CBC30437-87E6-46B4-9674-5333AA70F13B}"
EndProject
Project("{FAE04EC0-301F-11D3-BF4B-00C04F79EFBC}") = "Violet.Cheetah.Api", "Violet.Cheetah.Api\Violet.Cheetah.Api.csproj", "{23581EFE-1710-40B3-BDF5-7154DDAE4F3A}"
EndProject
Global
	GlobalSection(SolutionConfigurationPlatforms) = preSolution
		Debug|Any CPU = Debug|Any CPU
		Release|Any CPU = Release|Any CPU
	EndGlobalSection
	GlobalSection(SolutionProperties) = preSolution
		HideSolutionNode = FALSE
	EndGlobalSection
	GlobalSection(ProjectConfigurationPlatforms) = postSolution
		{CBC30437-87E6-46B4-9674-5333AA70F13B}.Debug|Any CPU.ActiveCfg = Debug|Any CPU
		{CBC30437-87E6-46B4-9674-5333AA70F13B}.Debug|Any CPU.Build.0 = Debug|Any CPU
		{CBC30437-87E6-46B4-9674-5333AA70F13B}.Release|Any CPU.ActiveCfg = Release|Any CPU
		{CBC30437-87E6-46B4-9674-5333AA70F13B}.Release|Any CPU.Build.0 = Release|Any CPU
		{23581EFE-1710-40B3-BDF5-7154DDAE4F3A}.Debug|Any CPU.ActiveCfg = Debug|Any CPU
		{23581EFE-1710-40B3-BDF5-7154DDAE4F3A}.Debug|Any CPU.Build.0 = Debug|Any CPU
		{23581EFE-1710-40B3-BDF5-7154DDAE4F3A}.Release|Any CPU.ActiveCfg = Release|Any CPU
		{23581EFE-1710-40B3-BDF5-7154DDAE4F3A}.Release|Any CPU.Build.0 = Release|Any CPU
	EndGlobalSection
EndGlobal
